
Microsoft Visual Studio Solution File, Format Version 12.00
# Visual Studio 2015
Project("{FAE04EC0-301F-11D3-BF4B-00C04F79EFBC}") = "Mulligan.CSharp.Plugins", "Mulligan.CSharp.Plugins.csproj", "{160B70FE-C694-6708-BA5C-418698A834F7}"
EndProject
Project("{FAE04EC0-301F-11D3-BF4B-00C04F79EFBC}") = "Mulligan.CSharp", "Mulligan.CSharp.csproj", "{E0472B73-7629-7BB2-00F8-D063DC94F4C1}"
EndProject
Project("{FAE04EC0-301F-11D3-BF4B-00C04F79EFBC}") = "Mulligan.CSharp.Editor.Plugins", "Mulligan.CSharp.Editor.Plugins.csproj", "{FCB356E1-AC03-AFA7-F291-5E19CEB8E3A5}"
EndProject
Project("{FAE04EC0-301F-11D3-BF4B-00C04F79EFBC}") = "Mulligan.CSharp.Editor", "Mulligan.CSharp.Editor.csproj", "{22A53DAF-FF08-3D0D-6637-4A224E62C5BE}"
EndProject
Global
	GlobalSection(SolutionConfigurationPlatforms) = preSolution
		Debug|Any CPU = Debug|Any CPU
		Release|Any CPU = Release|Any CPU
	EndGlobalSection
	GlobalSection(ProjectConfigurationPlatforms) = postSolution
		{160B70FE-C694-6708-BA5C-418698A834F7}.Debug|Any CPU.ActiveCfg = Debug|Any CPU
		{160B70FE-C694-6708-BA5C-418698A834F7}.Debug|Any CPU.Build.0 = Debug|Any CPU
		{160B70FE-C694-6708-BA5C-418698A834F7}.Release|Any CPU.ActiveCfg = Release|Any CPU
		{160B70FE-C694-6708-BA5C-418698A834F7}.Release|Any CPU.Build.0 = Release|Any CPU
		{E0472B73-7629-7BB2-00F8-D063DC94F4C1}.Debug|Any CPU.ActiveCfg = Debug|Any CPU
		{E0472B73-7629-7BB2-00F8-D063DC94F4C1}.Debug|Any CPU.Build.0 = Debug|Any CPU
		{E0472B73-7629-7BB2-00F8-D063DC94F4C1}.Release|Any CPU.ActiveCfg = Release|Any CPU
		{E0472B73-7629-7BB2-00F8-D063DC94F4C1}.Release|Any CPU.Build.0 = Release|Any CPU
		{FCB356E1-AC03-AFA7-F291-5E19CEB8E3A5}.Debug|Any CPU.ActiveCfg = Debug|Any CPU
		{FCB356E1-AC03-AFA7-F291-5E19CEB8E3A5}.Debug|Any CPU.Build.0 = Debug|Any CPU
		{FCB356E1-AC03-AFA7-F291-5E19CEB8E3A5}.Release|Any CPU.ActiveCfg = Release|Any CPU
		{FCB356E1-AC03-AFA7-F291-5E19CEB8E3A5}.Release|Any CPU.Build.0 = Release|Any CPU
		{22A53DAF-FF08-3D0D-6637-4A224E62C5BE}.Debug|Any CPU.ActiveCfg = Debug|Any CPU
		{22A53DAF-FF08-3D0D-6637-4A224E62C5BE}.Debug|Any CPU.Build.0 = Debug|Any CPU
		{22A53DAF-FF08-3D0D-6637-4A224E62C5BE}.Release|Any CPU.ActiveCfg = Release|Any CPU
		{22A53DAF-FF08-3D0D-6637-4A224E62C5BE}.Release|Any CPU.Build.0 = Release|Any CPU
	EndGlobalSection
	GlobalSection(SolutionProperties) = preSolution
		HideSolutionNode = FALSE
	EndGlobalSection
EndGlobal
