
Microsoft Visual Studio Solution File, Format Version 12.00
# Visual Studio 2015
Project("{FAE04EC0-301F-11D3-BF4B-00C04F79EFBC}") = "XxPROJECT42xX", "XxPROJECT42xX.csproj", "{416E3C9B-479F-04C3-5E0E-BCA8C6E42AA5}"
EndProject
Global
	GlobalSection(SolutionConfigurationPlatforms) = preSolution
		Debug|Any CPU = Debug|Any CPU
		Release|Any CPU = Release|Any CPU
	EndGlobalSection
	GlobalSection(ProjectConfigurationPlatforms) = postSolution
		{416E3C9B-479F-04C3-5E0E-BCA8C6E42AA5}.Debug|Any CPU.ActiveCfg = Debug|Any CPU
		{416E3C9B-479F-04C3-5E0E-BCA8C6E42AA5}.Debug|Any CPU.Build.0 = Debug|Any CPU
		{416E3C9B-479F-04C3-5E0E-BCA8C6E42AA5}.Release|Any CPU.ActiveCfg = Release|Any CPU
		{416E3C9B-479F-04C3-5E0E-BCA8C6E42AA5}.Release|Any CPU.Build.0 = Release|Any CPU
	EndGlobalSection
	GlobalSection(SolutionProperties) = preSolution
		HideSolutionNode = FALSE
	EndGlobalSection
EndGlobal
